
Microsoft Visual Studio Solution File, Format Version 12.00
# Visual Studio 15
VisualStudioVersion = 15.0.28307.168
MinimumVisualStudioVersion = 10.0.40219.1
Project("{8BC9CEB8-8B4A-11D0-8D11-00A0C91BC942}") = "mytest3", "mytest3\mytest3.vcxproj", "{BBF18629-5003-4ED6-8EA3-D8DA5082000E}"
EndProject
Global
	GlobalSection(SolutionConfigurationPlatforms) = preSolution
		Debug|Win32 = Debug|Win32
		Release|Win32 = Release|Win32
	EndGlobalSection
	GlobalSection(ProjectConfigurationPlatforms) = postSolution
		{BBF18629-5003-4ED6-8EA3-D8DA5082000E}.Debug|Win32.ActiveCfg = Debug|Win32
		{BBF18629-5003-4ED6-8EA3-D8DA5082000E}.Debug|Win32.Build.0 = Debug|Win32
		{BBF18629-5003-4ED6-8EA3-D8DA5082000E}.Release|Win32.ActiveCfg = Release|Win32
		{BBF18629-5003-4ED6-8EA3-D8DA5082000E}.Release|Win32.Build.0 = Release|Win32
	EndGlobalSection
	GlobalSection(SolutionProperties) = preSolution
		HideSolutionNode = FALSE
	EndGlobalSection
	GlobalSection(ExtensibilityGlobals) = postSolution
		SolutionGuid = {5FB1A028-4955-4ED2-A80B-2AC347F6205C}
	EndGlobalSection
EndGlobal
